
Microsoft Visual Studio Solution File, Format Version 12.00
Project("{FAE04EC0-301F-11D3-BF4B-00C04F79EFBC}") = "RoushTech.EntityFrameworkCore", "RoushTech.EntityFrameworkCore\RoushTech.EntityFrameworkCore.csproj", "{67E9E5CC-688E-42E5-9538-1EA0F225A509}"
EndProject
Global
	GlobalSection(SolutionConfigurationPlatforms) = preSolution
		Debug|Any CPU = Debug|Any CPU
		Release|Any CPU = Release|Any CPU
	EndGlobalSection
	GlobalSection(ProjectConfigurationPlatforms) = postSolution
		{67E9E5CC-688E-42E5-9538-1EA0F225A509}.Debug|Any CPU.ActiveCfg = Debug|Any CPU
		{67E9E5CC-688E-42E5-9538-1EA0F225A509}.Debug|Any CPU.Build.0 = Debug|Any CPU
		{67E9E5CC-688E-42E5-9538-1EA0F225A509}.Release|Any CPU.ActiveCfg = Release|Any CPU
		{67E9E5CC-688E-42E5-9538-1EA0F225A509}.Release|Any CPU.Build.0 = Release|Any CPU
	EndGlobalSection
EndGlobal
